<?xml version="1.0" encoding="utf-8"?>
<Project ToolsVersion="4.0" xmlns="http://schemas.microsoft.com/developer/msbuild/2003">
  <ItemGroup>
    <ClInclude Include="..\System.net\Core\Core.cu.h">
      <Filter>Core</Filter>
    </ClInclude>
    <ClInclude Include="..\System.net\Core\RC.cu.h">
      <Filter>Core</Filter>
    </ClInclude>
    <ClInclude Include="..\System.net\Core\SysEx.cu.h">
      <Filter>Core</Filter>
    </ClInclude>
    <ClInclude Include="..\System.net\Core\VSystem.cu.h">
      <Filter>Core</Filter>
    </ClInclude>
    <ClInclude Include="..\System.net\Core\VSystem+Sentinel.cu.h">
      <Filter>Core</Filter>
    </ClInclude>
    <ClInclude Include="..\System.net\Core\VFile.cu.h">
      <Filter>Core</Filter>
    </ClInclude>
  </ItemGroup>
  <ItemGroup>
    <Filter Include="Core">
      <UniqueIdentifier>{410a113c-944f-4028-9f63-868bf8f28459}</UniqueIdentifier>
    </Filter>
  </ItemGroup>
  <ItemGroup>
    <None Include="System.cu" />
    <None Include="GpuEx-System.Native.nuspec" />
    <None Include="GpuEx-System.Native.targets" />
  </ItemGroup>
  <ItemGroup>
    <ClCompile Include="..\System.net\Core\VSystem+Sentinel.cu">
      <Filter>Core</Filter>
    </ClCompile>
    <ClCompile Include="Program.cu" />
    <ClCompile Include="..\System.net\Core\SysEx.cu" />
    <ClCompile Include="..\System.net\Core\SysEx+Random.cu" />
    <ClCompile Include="..\System.net\Core\VFile+JournalVFile.cu" />
    <ClCompile Include="..\System.net\Core\VFile+MemoryVFile.cu" />
    <ClCompile Include="..\System.net\Core\VFile.cu" />
    <ClCompile Include="..\System.net\Core\VSystem.cu" />
    <ClCompile Include="..\System.net\Core\VSystem-gpu.cu" />
    <ClCompile Include="..\System.net\Core\VSystem-map.cu" />
    <ClCompile Include="..\System.net\Core\VSystem-unix.cu" />
    <ClCompile Include="..\System.net\Core\VSystem-win.cu" />
  </ItemGroup>
</Project>