<?xml version="1.0" encoding="utf-8"?>
<Project ToolsVersion="4.0" xmlns="http://schemas.microsoft.com/developer/msbuild/2003">
  <ItemGroup>
    <ClCompile Include="Program.cpp" />
    <ClCompile Include="RuntimeHost.cpp" />
    <ClCompile Include="VisualHost.cpp" />
    <ClCompile Include="Runtime+Sentinel.cu" />
  </ItemGroup>
  <ItemGroup>
    <ClInclude Include="RuntimeGL.h" />
    <ClInclude Include="Runtime.cpu.h" />
    <ClInclude Include="Runtime.cu.h" />
    <ClInclude Include="Runtime.cu+native.h" />
    <ClInclude Include="RuntimeHost.h" />
    <ClInclude Include="VisualHost.h" />
    <ClInclude Include="Runtime.h" />
    <ClInclude Include="RuntimeTypes.h" />
    <ClInclude Include="Regex.2\Regex.h">
      <Filter>Regex.2</Filter>
    </ClInclude>
    <ClInclude Include="Regex.h" />
  </ItemGroup>
  <ItemGroup>
    <None Include="Regex.cu" />
    <None Include="Runtime.cu" />
    <None Include="Runtime+Alloc.cu" />
    <None Include="Runtime+BenignAlloc.cu" />
    <None Include="Runtime+Convert.cu" />
    <None Include="Runtime+Hash.cu" />
    <None Include="Runtime+Math.cu" />
    <None Include="Runtime+Mem0.cu" />
    <None Include="Runtime+Mem1.cu" />
    <None Include="Runtime+Mutex-gpu.cu" />
    <None Include="Runtime+Mutex-noop.cu" />
    <None Include="Runtime+Mutex-unix.cu" />
    <None Include="Runtime+Mutex-win.cu" />
    <None Include="Runtime+Status.cu" />
    <None Include="Regex.1\Regex.1.cu">
      <Filter>Regex.1</Filter>
    </None>
    <None Include="Regex.2\Regex.2.cu">
      <Filter>Regex.2</Filter>
    </None>
    <None Include="Runtime+Sentinel-win.cu" />
    <None Include="Runtime+Sentinel-gpu.cu" />
    <None Include="Runtime+Bitvec.cu" />
    <None Include="Runtime+Printf.cu" />
    <None Include="Runtime+Utf.cu" />
    <None Include="Runtime+TagBase.cu" />
  </ItemGroup>
  <ItemGroup>
    <Filter Include="Regex.1">
      <UniqueIdentifier>{fe5cdbf7-c628-4e86-925a-78b13c95222d}</UniqueIdentifier>
    </Filter>
    <Filter Include="Regex.2">
      <UniqueIdentifier>{7901ad92-e5d7-45d0-b0df-2622c3a86cbf}</UniqueIdentifier>
    </Filter>
  </ItemGroup>
  <ItemGroup>
    <CudaCompile Include="RT.cu" />
  </ItemGroup>
</Project>