<?xml version="1.0" encoding="utf-8"?>
<Project ToolsVersion="4.0" xmlns="http://schemas.microsoft.com/developer/msbuild/2003">
  <ItemGroup>
    <CudaCompile Include="Program.cu" />
    <CudaCompile Include="..\System.Data.Tests.net\_Tester.cu" />
  </ItemGroup>
  <ItemGroup>
    <ClCompile Include="Hosts.cpp" />
  </ItemGroup>
  <ItemGroup>
    <ClInclude Include="..\System.Data.Tests.net\_Tester.cu.h" />
  </ItemGroup>
</Project>