<?xml version="1.0" encoding="utf-8"?>
<Project ToolsVersion="4.0" xmlns="http://schemas.microsoft.com/developer/msbuild/2003">
  <ItemGroup>
    <Filter Include="Core+Btree">
      <UniqueIdentifier>{55cc508a-070a-48a8-85e3-92f47958ac7e}</UniqueIdentifier>
    </Filter>
    <Filter Include="Core+Pager">
      <UniqueIdentifier>{84185c23-e52d-4c93-b862-700b5488231a}</UniqueIdentifier>
    </Filter>
    <Filter Include="Core+Vdbe">
      <UniqueIdentifier>{ca606226-a182-4a7f-90d9-b6d75c488bc5}</UniqueIdentifier>
    </Filter>
    <Filter Include="Core+Vdbe\Command">
      <UniqueIdentifier>{6cb83c07-6ccc-4e1d-9d8a-83b562198464}</UniqueIdentifier>
    </Filter>
    <Filter Include="Core+Test">
      <UniqueIdentifier>{0ed02a90-82ad-40c7-bcdf-a8011f2d36d6}</UniqueIdentifier>
    </Filter>
  </ItemGroup>
  <ItemGroup>
    <ClInclude Include="..\System.Data.net\Core+Btree\BContext.cu.h">
      <Filter>Core+Btree</Filter>
    </ClInclude>
    <ClInclude Include="..\System.Data.net\Core+Btree\Btree.cu.h">
      <Filter>Core+Btree</Filter>
    </ClInclude>
    <ClInclude Include="..\System.Data.net\Core+Btree\BtreeInt.cu.h">
      <Filter>Core+Btree</Filter>
    </ClInclude>
    <ClInclude Include="..\System.Data.net\Core+Btree\Core+Btree.cu.h">
      <Filter>Core+Btree</Filter>
    </ClInclude>
    <ClInclude Include="..\System.Data.net\Core+Pager\Core+Pager.cu.h">
      <Filter>Core+Pager</Filter>
    </ClInclude>
    <ClInclude Include="..\System.Data.net\Core+Pager\Pager.cu.h">
      <Filter>Core+Pager</Filter>
    </ClInclude>
    <ClInclude Include="..\System.Data.net\Core+Pager\PCache.cu.h">
      <Filter>Core+Pager</Filter>
    </ClInclude>
    <ClInclude Include="..\System.Data.net\Core+Pager\Wal.cu.h">
      <Filter>Core+Pager</Filter>
    </ClInclude>
    <ClInclude Include="..\System.Data.net\Core+Vdbe\Context.cu.h">
      <Filter>Core+Vdbe</Filter>
    </ClInclude>
    <ClInclude Include="..\System.Data.net\Core+Vdbe\Core+Ext.cu.h">
      <Filter>Core+Vdbe</Filter>
    </ClInclude>
    <ClInclude Include="..\System.Data.net\Core+Vdbe\Core+Vdbe.cu.h">
      <Filter>Core+Vdbe</Filter>
    </ClInclude>
    <ClInclude Include="..\System.Data.net\Core+Vdbe\Parse+Parser.orig.h">
      <Filter>Core+Vdbe</Filter>
    </ClInclude>
    <ClInclude Include="..\System.Data.net\Core+Vdbe\Vdbe.cu.h">
      <Filter>Core+Vdbe</Filter>
    </ClInclude>
    <ClInclude Include="..\System.Data.net\Core+Vdbe\VdbeInt.cu.h">
      <Filter>Core+Vdbe</Filter>
    </ClInclude>
    <ClInclude Include="..\System.Data.net\Opcodes.h" />
    <ClInclude Include="..\System.Data.net\KeywordHash.h" />
    <ClInclude Include="..\System.Data.net\Core+Test\TestCtx.cu.h">
      <Filter>Core+Test</Filter>
    </ClInclude>
  </ItemGroup>
  <ItemGroup>
    <None Include="..\System.Data.net\Core+Vdbe\Parse+Parser.ycu">
      <Filter>Core+Vdbe</Filter>
    </None>
    <None Include="..\System.Data.net\Shell.cu" />
    <None Include="System.Data.cu" />
    <None Include="System.Data+Btree.cu" />
    <None Include="System.Data+Pager.cu" />
    <None Include="System.Data+Test.cu" />
    <None Include="System.Data+Vdbe.cu" />
    <None Include="System.Data+Vdbe+Parse.cu" />
    <None Include="System.Data+Vdbe+Vdbe.cu" />
  </ItemGroup>
  <ItemGroup>
    <ClCompile Include="Program.cu" />
    <ClCompile Include="..\System.Data.net\CompileTime.cu" />
    <ClCompile Include="..\System.Data.net\Opcodes.cu" />
    <ClCompile Include="..\System.Data.net\Core+Btree\BContext.cu" />
    <ClCompile Include="..\System.Data.net\Core+Btree\BContext+Notify.cu" />
    <ClCompile Include="..\System.Data.net\Core+Btree\Btree.cu" />
    <ClCompile Include="..\System.Data.net\Core+Pager\Pager.cu" />
    <ClCompile Include="..\System.Data.net\Core+Pager\PCache.cu" />
    <ClCompile Include="..\System.Data.net\Core+Pager\PCache1.cu" />
    <ClCompile Include="..\System.Data.net\Core+Pager\Wal.cu" />
    <ClCompile Include="..\System.Data.net\Core+Vdbe\Command\Alter.cu" />
    <ClCompile Include="..\System.Data.net\Core+Vdbe\Command\Analyze.cu" />
    <ClCompile Include="..\System.Data.net\Core+Vdbe\Command\Attach.cu" />
    <ClCompile Include="..\System.Data.net\Core+Vdbe\Command\Date.cu" />
    <ClCompile Include="..\System.Data.net\Core+Vdbe\Command\Delete.cu" />
    <ClCompile Include="..\System.Data.net\Core+Vdbe\Command\Func.cu" />
    <ClCompile Include="..\System.Data.net\Core+Vdbe\Command\Insert.cu" />
    <ClCompile Include="..\System.Data.net\Core+Vdbe\Command\Pragma.cu" />
    <ClCompile Include="..\System.Data.net\Core+Vdbe\Command\Select.cu" />
    <ClCompile Include="..\System.Data.net\Core+Vdbe\Command\Update.cu" />
    <ClCompile Include="..\System.Data.net\Core+Vdbe\Command\Vacuum.cu" />
    <ClCompile Include="..\System.Data.net\Core+Vdbe\Auth.cu" />
    <ClCompile Include="..\System.Data.net\Core+Vdbe\Backup.cu" />
    <ClCompile Include="..\System.Data.net\Core+Vdbe\Callback.cu" />
    <ClCompile Include="..\System.Data.net\Core+Vdbe\Expr.cu" />
    <ClCompile Include="..\System.Data.net\Core+Vdbe\Main.cu" />
    <ClCompile Include="..\System.Data.net\Core+Vdbe\Main+Legacy.cu" />
    <ClCompile Include="..\System.Data.net\Core+Vdbe\Main+LoadExt.cu" />
    <ClCompile Include="..\System.Data.net\Core+Vdbe\Parse+Build.cu" />
    <ClCompile Include="..\System.Data.net\Core+Vdbe\Parse+Complete.cu" />
    <ClCompile Include="..\System.Data.net\Core+Vdbe\Parse+FKey.cu" />
    <ClCompile Include="..\System.Data.net\Core+Vdbe\Parse+Tokenize.cu" />
    <ClCompile Include="..\System.Data.net\Core+Vdbe\Parse+Parser.cu" />
    <ClCompile Include="..\System.Data.net\Core+Vdbe\Prepare.cu" />
    <ClCompile Include="..\System.Data.net\Core+Vdbe\Rowset.cu" />
    <ClCompile Include="..\System.Data.net\Core+Vdbe\Table.cu" />
    <ClCompile Include="..\System.Data.net\Core+Vdbe\Trigger.cu" />
    <ClCompile Include="..\System.Data.net\Core+Vdbe\Vdbe.cu" />
    <ClCompile Include="..\System.Data.net\Core+Vdbe\Vdbe+Api.cu" />
    <ClCompile Include="..\System.Data.net\Core+Vdbe\Vdbe+Aux.cu" />
    <ClCompile Include="..\System.Data.net\Core+Vdbe\Vdbe+Blob.cu" />
    <ClCompile Include="..\System.Data.net\Core+Vdbe\Vdbe+Mem.cu" />
    <ClCompile Include="..\System.Data.net\Core+Vdbe\Vdbe+Sort.cu" />
    <ClCompile Include="..\System.Data.net\Core+Vdbe\Vdbe+Trace.cu" />
    <ClCompile Include="..\System.Data.net\Core+Vdbe\Vdbe+Utf.cu" />
    <ClCompile Include="..\System.Data.net\Core+Vdbe\VTable.cu" />
    <ClCompile Include="..\System.Data.net\Core+Vdbe\Walker.cu" />
    <ClCompile Include="..\System.Data.net\Core+Vdbe\Walker+Resolve.cu" />
    <ClCompile Include="..\System.Data.net\Core+Vdbe\Where.cu" />
    <ClCompile Include="..\System.Data.net\Core+Test\Test_Autoext.cu" />
    <ClCompile Include="..\System.Data.net\Core+Test\Test_Backup.cu" />
    <ClCompile Include="..\System.Data.net\Core+Test\Test_Btree.cu" />
    <ClCompile Include="..\System.Data.net\Core+Test\Test_Config.cu" />
    <ClCompile Include="..\System.Data.net\Core+Test\Test_DemoVfs.cu" />
    <ClCompile Include="..\System.Data.net\Core+Test\Test_DevSym.cu" />
    <ClCompile Include="..\System.Data.net\Core+Test\Test_FS.cu" />
    <ClCompile Include="..\System.Data.net\Core+Test\Test_Func.cu" />
    <ClCompile Include="..\System.Data.net\Core+Test\Test_Fuzzer.cu" />
    <ClCompile Include="..\System.Data.net\Core+Test\Test_HexIO.cu" />
    <ClCompile Include="..\System.Data.net\Core+Test\Test_Init.cu" />
    <ClCompile Include="..\System.Data.net\Core+Test\Test_IntArray.cu" />
    <ClCompile Include="..\System.Data.net\Core+Test\Test_Journal.cu" />
    <ClCompile Include="..\System.Data.net\Core+Test\Test_LoadExt.cu" />
    <ClCompile Include="..\System.Data.net\Core+Test\Test_Malloc.cu" />
    <ClCompile Include="..\System.Data.net\Core+Test\Test_Multiplex.cu" />
    <ClCompile Include="..\System.Data.net\Core+Test\Test_Mutex.cu" />
    <ClCompile Include="..\System.Data.net\Core+Test\Test_OneFile.cu" />
    <ClCompile Include="..\System.Data.net\Core+Test\Test_OSInst.cu" />
    <ClCompile Include="..\System.Data.net\Core+Test\Test_PCache.cu" />
    <ClCompile Include="..\System.Data.net\Core+Test\Test_Quota.cu" />
    <ClCompile Include="..\System.Data.net\Core+Test\Test_RegExp.cu" />
    <ClCompile Include="..\System.Data.net\Core+Test\Test_Schema.cu" />
    <ClCompile Include="..\System.Data.net\Core+Test\Test_Server.cu" />
    <ClCompile Include="..\System.Data.net\Core+Test\Test_SpellFix.cu" />
    <ClCompile Include="..\System.Data.net\Core+Test\Test_SqlLog.cu" />
    <ClCompile Include="..\System.Data.net\Core+Test\Test_Stat.cu" />
    <ClCompile Include="..\System.Data.net\Core+Test\Test_SuperLock.cu" />
    <ClCompile Include="..\System.Data.net\Core+Test\Test_SysCall.cu" />
    <ClCompile Include="..\System.Data.net\Core+Test\Test_TclVar.cu" />
    <ClCompile Include="..\System.Data.net\Core+Test\Test_Thread.cu" />
    <ClCompile Include="..\System.Data.net\Core+Test\Test_Vfs.cu" />
    <ClCompile Include="..\System.Data.net\Core+Test\Test_VfsTrace.cu" />
    <ClCompile Include="..\System.Data.net\Core+Test\Test_WholeNumber.cu" />
    <ClCompile Include="..\System.Data.net\Core+Test\Test_Wsd.cu" />
    <ClCompile Include="..\System.Data.net\Core+Test\Test1.cu" />
    <ClCompile Include="..\System.Data.net\Core+Test\Test2.cu" />
    <ClCompile Include="..\System.Data.net\Core+Test\Test3.cu" />
    <ClCompile Include="..\System.Data.net\Core+Test\Test4.cu" />
    <ClCompile Include="..\System.Data.net\Core+Test\Test5.cu" />
    <ClCompile Include="..\System.Data.net\Core+Test\Test6.cu" />
    <ClCompile Include="..\System.Data.net\Core+Test\Test7.cu" />
    <ClCompile Include="..\System.Data.net\Core+Test\Test8.cu" />
    <ClCompile Include="..\System.Data.net\Core+Test\Test9.cu" />
    <ClCompile Include="..\System.Data.net\Core+Test\TestCtx.cu" />
  </ItemGroup>
</Project>