<?xml version="1.0" encoding="utf-8"?>
<Project ToolsVersion="4.0" xmlns="http://schemas.microsoft.com/developer/msbuild/2003">
  <ItemGroup>
    <Filter Include="Core+Btree">
      <UniqueIdentifier>{55cc508a-070a-48a8-85e3-92f47958ac7e}</UniqueIdentifier>
    </Filter>
    <Filter Include="Core+Pager">
      <UniqueIdentifier>{84185c23-e52d-4c93-b862-700b5488231a}</UniqueIdentifier>
    </Filter>
    <Filter Include="Core+Vdbe">
      <UniqueIdentifier>{ca606226-a182-4a7f-90d9-b6d75c488bc5}</UniqueIdentifier>
    </Filter>
    <Filter Include="Core+Vdbe\Command">
      <UniqueIdentifier>{6cb83c07-6ccc-4e1d-9d8a-83b562198464}</UniqueIdentifier>
    </Filter>
    <Filter Include="_content">
      <UniqueIdentifier>{541cfd8a-687b-482f-837a-a628504c8681}</UniqueIdentifier>
    </Filter>
  </ItemGroup>
  <ItemGroup>
    <ClInclude Include="..\System.Data.net\Core+Btree\BContext.cu.h">
      <Filter>Core+Btree</Filter>
    </ClInclude>
    <ClInclude Include="..\System.Data.net\Core+Btree\Btree.cu.h">
      <Filter>Core+Btree</Filter>
    </ClInclude>
    <ClInclude Include="..\System.Data.net\Core+Btree\BtreeInt.cu.h">
      <Filter>Core+Btree</Filter>
    </ClInclude>
    <ClInclude Include="..\System.Data.net\Core+Btree\Core+Btree.cu.h">
      <Filter>Core+Btree</Filter>
    </ClInclude>
    <ClInclude Include="..\System.Data.net\Core+Pager\Core+Pager.cu.h">
      <Filter>Core+Pager</Filter>
    </ClInclude>
    <ClInclude Include="..\System.Data.net\Core+Pager\Pager.cu.h">
      <Filter>Core+Pager</Filter>
    </ClInclude>
    <ClInclude Include="..\System.Data.net\Core+Pager\PCache.cu.h">
      <Filter>Core+Pager</Filter>
    </ClInclude>
    <ClInclude Include="..\System.Data.net\Core+Pager\Wal.cu.h">
      <Filter>Core+Pager</Filter>
    </ClInclude>
    <ClInclude Include="..\System.Data.net\Core+Vdbe\Context.cu.h">
      <Filter>Core+Vdbe</Filter>
    </ClInclude>
    <ClInclude Include="..\System.Data.net\Core+Vdbe\Core+Ext.cu.h">
      <Filter>Core+Vdbe</Filter>
    </ClInclude>
    <ClInclude Include="..\System.Data.net\Core+Vdbe\Core+Vdbe.cu.h">
      <Filter>Core+Vdbe</Filter>
    </ClInclude>
    <ClInclude Include="..\System.Data.net\Core+Vdbe\Parse+Parser.orig.h">
      <Filter>Core+Vdbe</Filter>
    </ClInclude>
    <ClInclude Include="..\System.Data.net\Core+Vdbe\Vdbe.cu.h">
      <Filter>Core+Vdbe</Filter>
    </ClInclude>
    <ClInclude Include="..\System.Data.net\Core+Vdbe\VdbeInt.cu.h">
      <Filter>Core+Vdbe</Filter>
    </ClInclude>
    <ClInclude Include="..\System.Data.net\Opcodes.h" />
    <ClInclude Include="..\System.Data.net\KeywordHash.h" />
  </ItemGroup>
  <ItemGroup>
    <None Include="..\System.Data.net\Core+Vdbe\Parse+Parser.ycu">
      <Filter>Core+Vdbe</Filter>
    </None>
    <None Include="..\System.Data.net\CompileTime.cu" />
    <None Include="..\System.Data.net\Opcodes.cu" />
    <None Include="..\System.Data.net\Core+Btree\BContext.cu" />
    <None Include="..\System.Data.net\Core+Btree\BContext+Notify.cu" />
    <None Include="..\System.Data.net\Core+Btree\Btree.cu" />
    <None Include="..\System.Data.net\Core+Btree\Btree+Mutex.cu" />
    <None Include="..\System.Data.net\Core+Pager\Pager.cu" />
    <None Include="..\System.Data.net\Core+Pager\PCache.cu" />
    <None Include="..\System.Data.net\Core+Pager\PCache1.cu" />
    <None Include="..\System.Data.net\Core+Pager\Wal.cu" />
    <None Include="..\System.Data.net\Core+Vdbe\Command\Alter.cu" />
    <None Include="..\System.Data.net\Core+Vdbe\Command\Analyze.cu" />
    <None Include="..\System.Data.net\Core+Vdbe\Command\Attach.cu" />
    <None Include="..\System.Data.net\Core+Vdbe\Command\Date.cu" />
    <None Include="..\System.Data.net\Core+Vdbe\Command\Delete.cu" />
    <None Include="..\System.Data.net\Core+Vdbe\Command\Func.cu" />
    <None Include="..\System.Data.net\Core+Vdbe\Command\Insert.cu" />
    <None Include="..\System.Data.net\Core+Vdbe\Command\Pragma.cu" />
    <None Include="..\System.Data.net\Core+Vdbe\Command\Select.cu" />
    <None Include="..\System.Data.net\Core+Vdbe\Command\Update.cu" />
    <None Include="..\System.Data.net\Core+Vdbe\Command\Vacuum.cu" />
    <None Include="..\System.Data.net\Core+Vdbe\Auth.cu" />
    <None Include="..\System.Data.net\Core+Vdbe\Backup.cu" />
    <None Include="..\System.Data.net\Core+Vdbe\Callback.cu" />
    <None Include="..\System.Data.net\Core+Vdbe\Context.cu" />
    <None Include="..\System.Data.net\Core+Vdbe\Expr.cu" />
    <None Include="..\System.Data.net\Core+Vdbe\Main.cu" />
    <None Include="..\System.Data.net\Core+Vdbe\Main+Legacy.cu" />
    <None Include="..\System.Data.net\Core+Vdbe\Main+LoadExt.cu" />
    <None Include="..\System.Data.net\Core+Vdbe\Parse+Build.cu" />
    <None Include="..\System.Data.net\Core+Vdbe\Parse+Complete.cu" />
    <None Include="..\System.Data.net\Core+Vdbe\Parse+FKey.cu" />
    <None Include="..\System.Data.net\Core+Vdbe\Parse+Tokenize.cu" />
    <None Include="..\System.Data.net\Core+Vdbe\Parse+Parser.cu" />
    <None Include="..\System.Data.net\Core+Vdbe\Prepare.cu" />
    <None Include="..\System.Data.net\Core+Vdbe\Rowset.cu" />
    <None Include="..\System.Data.net\Core+Vdbe\Table.cu" />
    <None Include="..\System.Data.net\Core+Vdbe\Trigger.cu" />
    <None Include="..\System.Data.net\Core+Vdbe\Vdbe.cu" />
    <None Include="..\System.Data.net\Core+Vdbe\Vdbe+Api.cu" />
    <None Include="..\System.Data.net\Core+Vdbe\Vdbe+Aux.cu" />
    <None Include="..\System.Data.net\Core+Vdbe\Vdbe+Blob.cu" />
    <None Include="..\System.Data.net\Core+Vdbe\Vdbe+Mem.cu" />
    <None Include="..\System.Data.net\Core+Vdbe\Vdbe+Sort.cu" />
    <None Include="..\System.Data.net\Core+Vdbe\Vdbe+Trace.cu" />
    <None Include="..\System.Data.net\Core+Vdbe\Vdbe+Utf.cu" />
    <None Include="..\System.Data.net\Core+Vdbe\VTable.cu" />
    <None Include="..\System.Data.net\Core+Vdbe\Walker.cu" />
    <None Include="..\System.Data.net\Core+Vdbe\Walker+Resolve.cu" />
    <None Include="..\System.Data.net\Core+Vdbe\Where.cu" />
    <None Include="GpuEx-System.Data.Native.nuspec" />
    <None Include="GpuEx-System.Data.Native.targets" />
    <None Include="_content\system.data.sample.cu">
      <Filter>_content</Filter>
    </None>
  </ItemGroup>
  <ItemGroup>
    <CudaCompile Include="System.Data.cu" />
    <CudaCompile Include="System.Data+Vdbe.cu" />
    <CudaCompile Include="Program.cu" />
  </ItemGroup>
</Project>