<?xml version="1.0" encoding="utf-8"?>
<Project ToolsVersion="4.0" xmlns="http://schemas.microsoft.com/developer/msbuild/2003">
  <ItemGroup>
    <ClCompile Include="TclContext.cu" />
    <ClCompile Include="TclContext+Test.cu" />
    <ClCompile Include="Test1.cu" />
    <ClCompile Include="Test2.cu" />
    <ClCompile Include="Test3.cu" />
    <ClCompile Include="Test4.cu" />
    <ClCompile Include="Test5.cu" />
    <ClCompile Include="Test6.cu" />
    <ClCompile Include="Test7.cu" />
    <ClCompile Include="Test_Autoext.cu" />
    <ClCompile Include="Test_Backup.cu" />
    <ClCompile Include="Test_Btree.cu" />
    <ClCompile Include="Test_Config.cu" />
    <ClCompile Include="Test_DemoVfs.cu" />
    <ClCompile Include="Test_DevSym.cu" />
    <ClCompile Include="Test_FS.cu" />
    <ClCompile Include="Test_Func.cu" />
    <ClCompile Include="Test_Fuzzer.cu" />
    <ClCompile Include="Test_HexIO.cu" />
    <ClCompile Include="Test_Init.cu" />
    <ClCompile Include="Test_IntArray.cu" />
    <ClCompile Include="Test_Journal.cu" />
    <ClCompile Include="Test_LoadExt.cu" />
    <ClCompile Include="Test_Malloc.cu" />
    <ClCompile Include="Test_Multiplex.cu" />
    <ClCompile Include="Test_Mutex.cu" />
    <ClCompile Include="Test_OneFile.cu" />
    <ClCompile Include="Test_OSInst.cu" />
    <ClCompile Include="Test_PCache.cu" />
    <ClCompile Include="Test_Quota.cu" />
    <ClCompile Include="Test_RegExp.cu" />
    <ClCompile Include="Test_Schema.cu" />
    <ClCompile Include="Test_Server.cu" />
    <ClCompile Include="Test_SpellFix.cu" />
    <ClCompile Include="Test_SqlLog.cu" />
    <ClCompile Include="Test_Stat.cu" />
    <ClCompile Include="Test_SuperLock.cu" />
    <ClCompile Include="Test_SysCall.cu" />
    <ClCompile Include="Test_TclVar.cu" />
    <ClCompile Include="Test_Thread.cu" />
    <ClCompile Include="Test_Vfs.cu" />
    <ClCompile Include="Test_VfsTrace.cu" />
    <ClCompile Include="Test_WholeNumber.cu" />
    <ClCompile Include="Test_Wsd.cu" />
    <ClCompile Include="Test8.cu" />
    <ClCompile Include="Test9.cu" />
  </ItemGroup>
  <ItemGroup>
    <None Include="tclsqlite.c" />
    <None Include="test\all.test">
      <Filter>test</Filter>
    </None>
    <None Include="test\veryquick.test">
      <Filter>test</Filter>
    </None>
    <None Include="test\full.test">
      <Filter>test</Filter>
    </None>
    <None Include="test\permutations.test">
      <Filter>test</Filter>
    </None>
    <None Include="test\tester.tcl">
      <Filter>test</Filter>
    </None>
  </ItemGroup>
  <ItemGroup>
    <ClInclude Include="TclContext.cu.h" />
  </ItemGroup>
  <ItemGroup>
    <Filter Include="test">
      <UniqueIdentifier>{459cb18a-44b4-408a-ae20-051c3d31411c}</UniqueIdentifier>
    </Filter>
  </ItemGroup>
</Project>